github.com/elazarl/goproxy v1.9.2 h1:+vXRRSWrznMtBrAb559qfqC+Cny1Q3rR0l51Yu/3WUw=
github.com/elazarl/goproxy v1.9.2/go.mod h1:THdE5ix2clxX9lZzcICPpZ67d6CdrPZxdOYsNgU5e30=
golang.org/x/net v0.50.0 h1:ucWh9eiCGyDR3vtzso0WMQinm2Dnt8cFMuQa9K33J60=
golang.org/x/net v0.50.0/go.mod h1:UgoSli3F/pBgdJBHCTc+tp3gmrU4XswgGRgtnwWTfyM=
golang.org/x/text v0.34.0 h1:oL/Qq0Kdaqxa1KbNeMKwQq0reLCCaFtqu2eNuSeNHbk=
golang.org/x/text v0.34.0/go.mod h1:homfLqTYRFyVYemLBFl5GgL/DWEiH5wcsQ5gSh1yziA=
